// !$*UTF8*$!
{
	archiveVersion = 1;
	classes = {
	};
	objectVersion = 46;
	objects = {

/* Begin PBXBuildFile section */
		ED7F5C921820225700AA51F1 /* Array.cpp in Sources */ = {isa = PBXBuildFile; fileRef = ED7F5C311820215C00AA51F1 /* Array.cpp */; };
		ED7F5C931820225700AA51F1 /* base64.c in Sources */ = {isa = PBXBuildFile; fileRef = ED7F5C321820215C00AA51F1 /* base64.c */; };
		ED7F5C941820225700AA51F1 /* Boolean.cpp in Sources */ = {isa = PBXBuildFile; fileRef = ED7F5C341820215C00AA51F1 /* Boolean.cpp */; };
		ED7F5C951820225700AA51F1 /* bplist.c in Sources */ = {isa = PBXBuildFile; fileRef = ED7F5C351820215C00AA51F1 /* bplist.c */; };
		ED7F5C961820225700AA51F1 /* bytearray.c in Sources */ = {isa = PBXBuildFile; fileRef = ED7F5C361820215C00AA51F1 /* bytearray.c */; };
		ED7F5C971820225700AA51F1 /* Data.cpp in Sources */ = {isa = PBXBuildFile; fileRef = ED7F5C3A1820215C00AA51F1 /* Data.cpp */; };
		ED7F5C981820225700AA51F1 /* Date.cpp in Sources */ = {isa = PBXBuildFile; fileRef = ED7F5C3B1820215C00AA51F1 /* Date.cpp */; };
		ED7F5C991820225700AA51F1 /* Dictionary.cpp in Sources */ = {isa = PBXBuildFile; fileRef = ED7F5C3C1820215C00AA51F1 /* Dictionary.cpp */; };
		ED7F5C9A1820225700AA51F1 /* hashtable.c in Sources */ = {isa = PBXBuildFile; fileRef = ED7F5C3D1820215C00AA51F1 /* hashtable.c */; };
		ED7F5C9B1820225700AA51F1 /* Integer.cpp in Sources */ = {isa = PBXBuildFile; fileRef = ED7F5C3F1820215C00AA51F1 /* Integer.cpp */; };
		ED7F5C9C1820225700AA51F1 /* Key.cpp in Sources */ = {isa = PBXBuildFile; fileRef = ED7F5C401820215C00AA51F1 /* Key.cpp */; };
		ED7F5C9D1820225700AA51F1 /* Node.cpp in Sources */ = {isa = PBXBuildFile; fileRef = ED7F5C411820215C00AA51F1 /* Node.cpp */; };
		ED7F5C9E1820225700AA51F1 /* plist.c in Sources */ = {isa = PBXBuildFile; fileRef = ED7F5C421820215C00AA51F1 /* plist.c */; };
		ED7F5C9F1820225700AA51F1 /* ptrarray.c in Sources */ = {isa = PBXBuildFile; fileRef = ED7F5C441820215C00AA51F1 /* ptrarray.c */; };
		ED7F5CA01820225700AA51F1 /* Real.cpp in Sources */ = {isa = PBXBuildFile; fileRef = ED7F5C461820215C00AA51F1 /* Real.cpp */; };
		ED7F5CA11820225700AA51F1 /* String.cpp in Sources */ = {isa = PBXBuildFile; fileRef = ED7F5C471820215C00AA51F1 /* String.cpp */; };
		ED7F5CA21820225700AA51F1 /* Structure.cpp in Sources */ = {isa = PBXBuildFile; fileRef = ED7F5C481820215C00AA51F1 /* Structure.cpp */; };
		ED7F5CA31820225700AA51F1 /* Uid.cpp in Sources */ = {isa = PBXBuildFile; fileRef = ED7F5C491820215C00AA51F1 /* Uid.cpp */; };
		ED7F5CA41820225700AA51F1 /* xplist.c in Sources */ = {isa = PBXBuildFile; fileRef = ED7F5C4A1820215C00AA51F1 /* xplist.c */; };
		EDD2EAAF1820694E00EDFCE2 /* cnary.c in Sources */ = {isa = PBXBuildFile; fileRef = EDD2EAA91820694E00EDFCE2 /* cnary.c */; };
		EDD2EAB01820694E00EDFCE2 /* iterator.c in Sources */ = {isa = PBXBuildFile; fileRef = EDD2EAAA1820694E00EDFCE2 /* iterator.c */; };
		EDD2EAB11820694E00EDFCE2 /* list.c in Sources */ = {isa = PBXBuildFile; fileRef = EDD2EAAB1820694E00EDFCE2 /* list.c */; };
		EDD2EAB21820694E00EDFCE2 /* node_iterator.c in Sources */ = {isa = PBXBuildFile; fileRef = EDD2EAAC1820694E00EDFCE2 /* node_iterator.c */; };
		EDD2EAB31820694E00EDFCE2 /* node_list.c in Sources */ = {isa = PBXBuildFile; fileRef = EDD2EAAD1820694E00EDFCE2 /* node_list.c */; };
		EDD2EAB41820694E00EDFCE2 /* node.c in Sources */ = {isa = PBXBuildFile; fileRef = EDD2EAAE1820694E00EDFCE2 /* node.c */; };
		EDD2EAB618206B0400EDFCE2 /* libxml2.dylib in Frameworks */ = {isa = PBXBuildFile; fileRef = EDD2EAB518206B0400EDFCE2 /* libxml2.dylib */; };
/* End PBXBuildFile section */

/* Begin PBXFileReference section */
		ED7F5C311820215C00AA51F1 /* Array.cpp */ = {isa = PBXFileReference; lastKnownFileType = sourcecode.cpp.cpp; path = Array.cpp; sourceTree = "<group>"; };
		ED7F5C321820215C00AA51F1 /* base64.c */ = {isa = PBXFileReference; lastKnownFileType = sourcecode.c.c; path = base64.c; sourceTree = "<group>"; };
		ED7F5C331820215C00AA51F1 /* base64.h */ = {isa = PBXFileReference; lastKnownFileType = sourcecode.c.h; path = base64.h; sourceTree = "<group>"; };
		ED7F5C341820215C00AA51F1 /* Boolean.cpp */ = {isa = PBXFileReference; lastKnownFileType = sourcecode.cpp.cpp; path = Boolean.cpp; sourceTree = "<group>"; };
		ED7F5C351820215C00AA51F1 /* bplist.c */ = {isa = PBXFileReference; lastKnownFileType = sourcecode.c.c; path = bplist.c; sourceTree = "<group>"; };
		ED7F5C361820215C00AA51F1 /* bytearray.c */ = {isa = PBXFileReference; lastKnownFileType = sourcecode.c.c; path = bytearray.c; sourceTree = "<group>"; };
		ED7F5C371820215C00AA51F1 /* bytearray.h */ = {isa = PBXFileReference; lastKnownFileType = sourcecode.c.h; path = bytearray.h; sourceTree = "<group>"; };
		ED7F5C381820215C00AA51F1 /* CMakeLists.txt */ = {isa = PBXFileReference; lastKnownFileType = text; path = CMakeLists.txt; sourceTree = "<group>"; };
		ED7F5C391820215C00AA51F1 /* common.h */ = {isa = PBXFileReference; lastKnownFileType = sourcecode.c.h; path = common.h; sourceTree = "<group>"; };
		ED7F5C3A1820215C00AA51F1 /* Data.cpp */ = {isa = PBXFileReference; lastKnownFileType = sourcecode.cpp.cpp; path = Data.cpp; sourceTree = "<group>"; };
		ED7F5C3B1820215C00AA51F1 /* Date.cpp */ = {isa = PBXFileReference; lastKnownFileType = sourcecode.cpp.cpp; path = Date.cpp; sourceTree = "<group>"; };
		ED7F5C3C1820215C00AA51F1 /* Dictionary.cpp */ = {isa = PBXFileReference; lastKnownFileType = sourcecode.cpp.cpp; path = Dictionary.cpp; sourceTree = "<group>"; };
		ED7F5C3D1820215C00AA51F1 /* hashtable.c */ = {isa = PBXFileReference; lastKnownFileType = sourcecode.c.c; path = hashtable.c; sourceTree = "<group>"; };
		ED7F5C3E1820215C00AA51F1 /* hashtable.h */ = {isa = PBXFileReference; lastKnownFileType = sourcecode.c.h; path = hashtable.h; sourceTree = "<group>"; };
		ED7F5C3F1820215C00AA51F1 /* Integer.cpp */ = {isa = PBXFileReference; lastKnownFileType = sourcecode.cpp.cpp; path = Integer.cpp; sourceTree = "<group>"; };
		ED7F5C401820215C00AA51F1 /* Key.cpp */ = {isa = PBXFileReference; lastKnownFileType = sourcecode.cpp.cpp; path = Key.cpp; sourceTree = "<group>"; };
		ED7F5C411820215C00AA51F1 /* Node.cpp */ = {isa = PBXFileReference; lastKnownFileType = sourcecode.cpp.cpp; path = Node.cpp; sourceTree = "<group>"; };
		ED7F5C421820215C00AA51F1 /* plist.c */ = {isa = PBXFileReference; lastKnownFileType = sourcecode.c.c; path = plist.c; sourceTree = "<group>"; };
		ED7F5C431820215C00AA51F1 /* plist.h */ = {isa = PBXFileReference; lastKnownFileType = sourcecode.c.h; path = plist.h; sourceTree = "<group>"; };
		ED7F5C441820215C00AA51F1 /* ptrarray.c */ = {isa = PBXFileReference; lastKnownFileType = sourcecode.c.c; path = ptrarray.c; sourceTree = "<group>"; };
		ED7F5C451820215C00AA51F1 /* ptrarray.h */ = {isa = PBXFileReference; lastKnownFileType = sourcecode.c.h; path = ptrarray.h; sourceTree = "<group>"; };
		ED7F5C461820215C00AA51F1 /* Real.cpp */ = {isa = PBXFileReference; lastKnownFileType = sourcecode.cpp.cpp; path = Real.cpp; sourceTree = "<group>"; };
		ED7F5C471820215C00AA51F1 /* String.cpp */ = {isa = PBXFileReference; lastKnownFileType = sourcecode.cpp.cpp; path = String.cpp; sourceTree = "<group>"; };
		ED7F5C481820215C00AA51F1 /* Structure.cpp */ = {isa = PBXFileReference; lastKnownFileType = sourcecode.cpp.cpp; path = Structure.cpp; sourceTree = "<group>"; };
		ED7F5C491820215C00AA51F1 /* Uid.cpp */ = {isa = PBXFileReference; lastKnownFileType = sourcecode.cpp.cpp; path = Uid.cpp; sourceTree = "<group>"; };
		ED7F5C4A1820215C00AA51F1 /* xplist.c */ = {isa = PBXFileReference; lastKnownFileType = sourcecode.c.c; path = xplist.c; sourceTree = "<group>"; };
		ED85A73A18201F74005ECF96 /* liblibplist.dylib */ = {isa = PBXFileReference; explicitFileType = "compiled.mach-o.dylib"; includeInIndex = 0; path = liblibplist.dylib; sourceTree = BUILT_PRODUCTS_DIR; };
		EDD2EAA91820694E00EDFCE2 /* cnary.c */ = {isa = PBXFileReference; fileEncoding = 4; lastKnownFileType = sourcecode.c.c; name = cnary.c; path = libcnary/cnary.c; sourceTree = "<group>"; };
		EDD2EAAA1820694E00EDFCE2 /* iterator.c */ = {isa = PBXFileReference; fileEncoding = 4; lastKnownFileType = sourcecode.c.c; name = iterator.c; path = libcnary/iterator.c; sourceTree = "<group>"; };
		EDD2EAAB1820694E00EDFCE2 /* list.c */ = {isa = PBXFileReference; fileEncoding = 4; lastKnownFileType = sourcecode.c.c; name = list.c; path = libcnary/list.c; sourceTree = "<group>"; };
		EDD2EAAC1820694E00EDFCE2 /* node_iterator.c */ = {isa = PBXFileReference; fileEncoding = 4; lastKnownFileType = sourcecode.c.c; name = node_iterator.c; path = libcnary/node_iterator.c; sourceTree = "<group>"; };
		EDD2EAAD1820694E00EDFCE2 /* node_list.c */ = {isa = PBXFileReference; fileEncoding = 4; lastKnownFileType = sourcecode.c.c; name = node_list.c; path = libcnary/node_list.c; sourceTree = "<group>"; };
		EDD2EAAE1820694E00EDFCE2 /* node.c */ = {isa = PBXFileReference; fileEncoding = 4; lastKnownFileType = sourcecode.c.c; name = node.c; path = libcnary/node.c; sourceTree = "<group>"; };
		EDD2EAB518206B0400EDFCE2 /* libxml2.dylib */ = {isa = PBXFileReference; lastKnownFileType = "compiled.mach-o.dylib"; name = libxml2.dylib; path = /usr/lib/libxml2.dylib; sourceTree = "<absolute>"; };
/* End PBXFileReference section */

/* Begin PBXFrameworksBuildPhase section */
		ED85A73718201F74005ECF96 /* Frameworks */ = {
			isa = PBXFrameworksBuildPhase;
			buildActionMask = 2147483647;
			files = (
				EDD2EAB618206B0400EDFCE2 /* libxml2.dylib in Frameworks */,
			);
			runOnlyForDeploymentPostprocessing = 0;
		};
/* End PBXFrameworksBuildPhase section */

/* Begin PBXGroup section */
		ED7F5C301820215C00AA51F1 /* src */ = {
			isa = PBXGroup;
			children = (
				ED7F5C311820215C00AA51F1 /* Array.cpp */,
				ED7F5C321820215C00AA51F1 /* base64.c */,
				ED7F5C331820215C00AA51F1 /* base64.h */,
				ED7F5C341820215C00AA51F1 /* Boolean.cpp */,
				ED7F5C351820215C00AA51F1 /* bplist.c */,
				ED7F5C361820215C00AA51F1 /* bytearray.c */,
				ED7F5C371820215C00AA51F1 /* bytearray.h */,
				ED7F5C381820215C00AA51F1 /* CMakeLists.txt */,
				ED7F5C391820215C00AA51F1 /* common.h */,
				ED7F5C3A1820215C00AA51F1 /* Data.cpp */,
				ED7F5C3B1820215C00AA51F1 /* Date.cpp */,
				ED7F5C3C1820215C00AA51F1 /* Dictionary.cpp */,
				ED7F5C3D1820215C00AA51F1 /* hashtable.c */,
				ED7F5C3E1820215C00AA51F1 /* hashtable.h */,
				ED7F5C3F1820215C00AA51F1 /* Integer.cpp */,
				ED7F5C401820215C00AA51F1 /* Key.cpp */,
				ED7F5C411820215C00AA51F1 /* Node.cpp */,
				ED7F5C421820215C00AA51F1 /* plist.c */,
				ED7F5C431820215C00AA51F1 /* plist.h */,
				ED7F5C441820215C00AA51F1 /* ptrarray.c */,
				ED7F5C451820215C00AA51F1 /* ptrarray.h */,
				ED7F5C461820215C00AA51F1 /* Real.cpp */,
				ED7F5C471820215C00AA51F1 /* String.cpp */,
				ED7F5C481820215C00AA51F1 /* Structure.cpp */,
				ED7F5C491820215C00AA51F1 /* Uid.cpp */,
				ED7F5C4A1820215C00AA51F1 /* xplist.c */,
			);
			path = src;
			sourceTree = "<group>";
		};
		ED85A73118201F74005ECF96 = {
			isa = PBXGroup;
			children = (
				ED85A73B18201F74005ECF96 /* Products */,
				EDD2EAA81820692B00EDFCE2 /* libcnary */,
				ED7F5C301820215C00AA51F1 /* src */,
				EDD2EAB518206B0400EDFCE2 /* libxml2.dylib */,
			);
			sourceTree = "<group>";
		};
		ED85A73B18201F74005ECF96 /* Products */ = {
			isa = PBXGroup;
			children = (
				ED85A73A18201F74005ECF96 /* liblibplist.dylib */,
			);
			name = Products;
			sourceTree = "<group>";
		};
		EDD2EAA81820692B00EDFCE2 /* libcnary */ = {
			isa = PBXGroup;
			children = (
				EDD2EAA91820694E00EDFCE2 /* cnary.c */,
				EDD2EAAA1820694E00EDFCE2 /* iterator.c */,
				EDD2EAAB1820694E00EDFCE2 /* list.c */,
				EDD2EAAC1820694E00EDFCE2 /* node_iterator.c */,
				EDD2EAAD1820694E00EDFCE2 /* node_list.c */,
				EDD2EAAE1820694E00EDFCE2 /* node.c */,
			);
			name = libcnary;
			sourceTree = "<group>";
		};
/* End PBXGroup section */

/* Begin PBXHeadersBuildPhase section */
		ED85A73818201F74005ECF96 /* Headers */ = {
			isa = PBXHeadersBuildPhase;
			buildActionMask = 2147483647;
			files = (
			);
			runOnlyForDeploymentPostprocessing = 0;
		};
/* End PBXHeadersBuildPhase section */

/* Begin PBXNativeTarget section */
		ED85A73918201F74005ECF96 /* libplist */ = {
			isa = PBXNativeTarget;
			buildConfigurationList = ED85A73E18201F74005ECF96 /* Build configuration list for PBXNativeTarget "libplist" */;
			buildPhases = (
				ED85A73618201F74005ECF96 /* Sources */,
				ED85A73718201F74005ECF96 /* Frameworks */,
				ED85A73818201F74005ECF96 /* Headers */,
			);
			buildRules = (
			);
			dependencies = (
			);
			name = libplist;
			productName = libplist;
			productReference = ED85A73A18201F74005ECF96 /* liblibplist.dylib */;
			productType = "com.apple.product-type.library.dynamic";
		};
/* End PBXNativeTarget section */

/* Begin PBXProject section */
		ED85A73218201F74005ECF96 /* Project object */ = {
			isa = PBXProject;
			attributes = {
				LastUpgradeCheck = 0500;
				ORGANIZATIONNAME = "Jim Koning";
			};
			buildConfigurationList = ED85A73518201F74005ECF96 /* Build configuration list for PBXProject "libplist" */;
			compatibilityVersion = "Xcode 3.2";
			developmentRegion = English;
			hasScannedForEncodings = 0;
			knownRegions = (
				en,
			);
			mainGroup = ED85A73118201F74005ECF96;
			productRefGroup = ED85A73B18201F74005ECF96 /* Products */;
			projectDirPath = "";
			projectRoot = "";
			targets = (
				ED85A73918201F74005ECF96 /* libplist */,
			);
		};
/* End PBXProject section */

/* Begin PBXSourcesBuildPhase section */
		ED85A73618201F74005ECF96 /* Sources */ = {
			isa = PBXSourcesBuildPhase;
			buildActionMask = 2147483647;
			files = (
				ED7F5CA41820225700AA51F1 /* xplist.c in Sources */,
				EDD2EAB01820694E00EDFCE2 /* iterator.c in Sources */,
				ED7F5C961820225700AA51F1 /* bytearray.c in Sources */,
				ED7F5C931820225700AA51F1 /* base64.c in Sources */,
				ED7F5CA11820225700AA51F1 /* String.cpp in Sources */,
				EDD2EAB31820694E00EDFCE2 /* node_list.c in Sources */,
				ED7F5C9C1820225700AA51F1 /* Key.cpp in Sources */,
				EDD2EAAF1820694E00EDFCE2 /* cnary.c in Sources */,
				ED7F5C9E1820225700AA51F1 /* plist.c in Sources */,
				ED7F5C9D1820225700AA51F1 /* Node.cpp in Sources */,
				ED7F5C9B1820225700AA51F1 /* Integer.cpp in Sources */,
				ED7F5C9F1820225700AA51F1 /* ptrarray.c in Sources */,
				ED7F5C941820225700AA51F1 /* Boolean.cpp in Sources */,
				EDD2EAB21820694E00EDFCE2 /* node_iterator.c in Sources */,
				ED7F5C971820225700AA51F1 /* Data.cpp in Sources */,
				EDD2EAB41820694E00EDFCE2 /* node.c in Sources */,
				ED7F5CA21820225700AA51F1 /* Structure.cpp in Sources */,
				ED7F5CA01820225700AA51F1 /* Real.cpp in Sources */,
				ED7F5CA31820225700AA51F1 /* Uid.cpp in Sources */,
				ED7F5C981820225700AA51F1 /* Date.cpp in Sources */,
				ED7F5C9A1820225700AA51F1 /* hashtable.c in Sources */,
				ED7F5C991820225700AA51F1 /* Dictionary.cpp in Sources */,
				EDD2EAB11820694E00EDFCE2 /* list.c in Sources */,
				ED7F5C921820225700AA51F1 /* Array.cpp in Sources */,
				ED7F5C951820225700AA51F1 /* bplist.c in Sources */,
			);
			runOnlyForDeploymentPostprocessing = 0;
		};
/* End PBXSourcesBuildPhase section */

/* Begin XCBuildConfiguration section */
		ED85A73C18201F74005ECF96 /* Debug */ = {
			isa = XCBuildConfiguration;
			buildSettings = {
				ALWAYS_SEARCH_USER_PATHS = NO;
				CLANG_CXX_LANGUAGE_STANDARD = "gnu++0x";
				CLANG_CXX_LIBRARY = "libc++";
				CLANG_ENABLE_OBJC_ARC = YES;
				CLANG_WARN_BOOL_CONVERSION = YES;
				CLANG_WARN_CONSTANT_CONVERSION = YES;
				CLANG_WARN_DIRECT_OBJC_ISA_USAGE = YES_ERROR;
				CLANG_WARN_EMPTY_BODY = YES;
				CLANG_WARN_ENUM_CONVERSION = YES;
				CLANG_WARN_INT_CONVERSION = YES;
				CLANG_WARN_OBJC_ROOT_CLASS = YES_ERROR;
				CLANG_WARN__DUPLICATE_METHOD_MATCH = YES;
				COPY_PHASE_STRIP = NO;
				GCC_C_LANGUAGE_STANDARD = gnu99;
				GCC_DYNAMIC_NO_PIC = NO;
				GCC_ENABLE_OBJC_EXCEPTIONS = YES;
				GCC_OPTIMIZATION_LEVEL = 0;
				GCC_PREPROCESSOR_DEFINITIONS = (
					"DEBUG=1",
					"$(inherited)",
				);
				GCC_SYMBOLS_PRIVATE_EXTERN = NO;
				GCC_WARN_64_TO_32_BIT_CONVERSION = YES;
				GCC_WARN_ABOUT_RETURN_TYPE = YES_ERROR;
				GCC_WARN_UNDECLARED_SELECTOR = YES;
				GCC_WARN_UNINITIALIZED_AUTOS = YES;
				GCC_WARN_UNUSED_FUNCTION = YES;
				GCC_WARN_UNUSED_VARIABLE = YES;
				MACOSX_DEPLOYMENT_TARGET = 10.9;
				ONLY_ACTIVE_ARCH = YES;
				SDKROOT = macosx;
			};
			name = Debug;
		};
		ED85A73D18201F74005ECF96 /* Release */ = {
			isa = XCBuildConfiguration;
			buildSettings = {
				ALWAYS_SEARCH_USER_PATHS = NO;
				CLANG_CXX_LANGUAGE_STANDARD = "gnu++0x";
				CLANG_CXX_LIBRARY = "libc++";
				CLANG_ENABLE_OBJC_ARC = YES;
				CLANG_WARN_BOOL_CONVERSION = YES;
				CLANG_WARN_CONSTANT_CONVERSION = YES;
				CLANG_WARN_DIRECT_OBJC_ISA_USAGE = YES_ERROR;
				CLANG_WARN_EMPTY_BODY = YES;
				CLANG_WARN_ENUM_CONVERSION = YES;
				CLANG_WARN_INT_CONVERSION = YES;
				CLANG_WARN_OBJC_ROOT_CLASS = YES_ERROR;
				CLANG_WARN__DUPLICATE_METHOD_MATCH = YES;
				COPY_PHASE_STRIP = YES;
				DEBUG_INFORMATION_FORMAT = "dwarf-with-dsym";
				ENABLE_NS_ASSERTIONS = NO;
				GCC_C_LANGUAGE_STANDARD = gnu99;
				GCC_ENABLE_OBJC_EXCEPTIONS = YES;
				GCC_WARN_64_TO_32_BIT_CONVERSION = YES;
				GCC_WARN_ABOUT_RETURN_TYPE = YES_ERROR;
				GCC_WARN_UNDECLARED_SELECTOR = YES;
				GCC_WARN_UNINITIALIZED_AUTOS = YES;
				GCC_WARN_UNUSED_FUNCTION = YES;
				GCC_WARN_UNUSED_VARIABLE = YES;
				MACOSX_DEPLOYMENT_TARGET = 10.9;
				SDKROOT = macosx;
			};
			name = Release;
		};
		ED85A73F18201F74005ECF96 /* Debug */ = {
			isa = XCBuildConfiguration;
			buildSettings = {
				EXECUTABLE_PREFIX = lib;
				HEADER_SEARCH_PATHS = (
					"$(inherited)",
					/Applications/Xcode.app/Contents/Developer/Toolchains/XcodeDefault.xctoolchain/usr/include,
					/usr/include/libxml2,
					./libcnary/include,
					./include,
				);
				LIBRARY_SEARCH_PATHS = /usr/lib;
				PRIVATE_HEADERS_FOLDER_PATH = /usr/local/include;
				PRODUCT_NAME = "$(TARGET_NAME)";
			};
			name = Debug;
		};
		ED85A74018201F74005ECF96 /* Release */ = {
			isa = XCBuildConfiguration;
			buildSettings = {
				EXECUTABLE_PREFIX = lib;
				HEADER_SEARCH_PATHS = (
					"$(inherited)",
					/Applications/Xcode.app/Contents/Developer/Toolchains/XcodeDefault.xctoolchain/usr/include,
					/usr/include/libxml2,
					./libcnary/include,
					./include,
				);
				LIBRARY_SEARCH_PATHS = /usr/lib;
				PRIVATE_HEADERS_FOLDER_PATH = /usr/local/include;
				PRODUCT_NAME = "$(TARGET_NAME)";
			};
			name = Release;
		};
/* End XCBuildConfiguration section */

/* Begin XCConfigurationList section */
		ED85A73518201F74005ECF96 /* Build configuration list for PBXProject "libplist" */ = {
			isa = XCConfigurationList;
			buildConfigurations = (
				ED85A73C18201F74005ECF96 /* Debug */,
				ED85A73D18201F74005ECF96 /* Release */,
			);
			defaultConfigurationIsVisible = 0;
			defaultConfigurationName = Release;
		};
		ED85A73E18201F74005ECF96 /* Build configuration list for PBXNativeTarget "libplist" */ = {
			isa = XCConfigurationList;
			buildConfigurations = (
				ED85A73F18201F74005ECF96 /* Debug */,
				ED85A74018201F74005ECF96 /* Release */,
			);
			defaultConfigurationIsVisible = 0;
			defaultConfigurationName = Release;
		};
/* End XCConfigurationList section */
	};
	rootObject = ED85A73218201F74005ECF96 /* Project object */;
}
